
Microsoft Visual Studio Solution File, Format Version 12.00
# Visual Studio Version 17
VisualStudioVersion = 17.0.31903.59
MinimumVisualStudioVersion = 10.0.40219.1
Project("{FAE04EC0-301F-11D3-BF4B-00C04F79EFBC}") = "FindDuplicateFiles", "FindDuplicateFiles\FindDuplicateFiles.csproj", "{0D49D168-6701-4981-BAF3-2ACDFCF79287}"
EndProject
Global
	GlobalSection(SolutionConfigurationPlatforms) = preSolution
		Debug|Any CPU = Debug|Any CPU
		Release|Any CPU = Release|Any CPU
	EndGlobalSection
	GlobalSection(ProjectConfigurationPlatforms) = postSolution
		{0D49D168-6701-4981-BAF3-2ACDFCF79287}.Debug|Any CPU.ActiveCfg = Debug|Any CPU
		{0D49D168-6701-4981-BAF3-2ACDFCF79287}.Debug|Any CPU.Build.0 = Debug|Any CPU
		{0D49D168-6701-4981-BAF3-2ACDFCF79287}.Release|Any CPU.ActiveCfg = Release|Any CPU
		{0D49D168-6701-4981-BAF3-2ACDFCF79287}.Release|Any CPU.Build.0 = Release|Any CPU
	EndGlobalSection
	GlobalSection(SolutionProperties) = preSolution
		HideSolutionNode = FALSE
	EndGlobalSection
	GlobalSection(ExtensibilityGlobals) = postSolution
		SolutionGuid = {8B9D3008-BB8F-4787-A126-B5841F7331B4}
	EndGlobalSection
EndGlobal
